// !$*UTF8*$!
{
	archiveVersion = 1;
	classes = {
	};
	objectVersion = 77;
	objects = {

/* Begin PBXBuildFile section */
		5D11703E2EDA2B7300F3B1A1 /* AudioKit in Frameworks */ = {isa = PBXBuildFile; productRef = 5D11703D2EDA2B7300F3B1A1 /* AudioKit */; };
		5D1170412EDA2C4900F3B1A1 /* AudioKitEX in Frameworks */ = {isa = PBXBuildFile; productRef = 5D1170402EDA2C4900F3B1A1 /* AudioKitEX */; };
		5D25BDC02EDC1866000A4BA8 /* AppDelegate.swift in Sources */ = {isa = PBXBuildFile; fileRef = 5D25BDBF2EDC1866000A4BA8 /* AppDelegate.swift */; };
		5D25BDC32EDC1AF2000A4BA8 /* OrientationService.swift in Sources */ = {isa = PBXBuildFile; fileRef = 5D25BDC22EDC1AF2000A4BA8 /* OrientationService.swift */; };
		5D6339152EDB623000E5C6E5 /* WhistleModels.swift in Sources */ = {isa = PBXBuildFile; fileRef = 5D6338F72EDB623000E5C6E5 /* WhistleModels.swift */; };
		5D6339162EDB623000E5C6E5 /* ABCParser.swift in Sources */ = {isa = PBXBuildFile; fileRef = 5D6338FD2EDB623000E5C6E5 /* ABCParser.swift */; };
		5D6339172EDB623000E5C6E5 /* KeyDetector.swift in Sources */ = {isa = PBXBuildFile; fileRef = 5D6338FE2EDB623000E5C6E5 /* KeyDetector.swift */; };
		5D6339182EDB623000E5C6E5 /* MIDIParser.swift in Sources */ = {isa = PBXBuildFile; fileRef = 5D6338FF2EDB623000E5C6E5 /* MIDIParser.swift */; };
		5D6339192EDB623000E5C6E5 /* MIDISequencer.swift in Sources */ = {isa = PBXBuildFile; fileRef = 5D6339002EDB623000E5C6E5 /* MIDISequencer.swift */; };
		5D63391A2EDB623000E5C6E5 /* FingerChartView.swift in Sources */ = {isa = PBXBuildFile; fileRef = 5D6339022EDB623000E5C6E5 /* FingerChartView.swift */; };
		5D63391B2EDB623000E5C6E5 /* FingeringImageView.swift in Sources */ = {isa = PBXBuildFile; fileRef = 5D6339032EDB623000E5C6E5 /* FingeringImageView.swift */; };
		5D63391C2EDB623000E5C6E5 /* FingeringRowView.swift in Sources */ = {isa = PBXBuildFile; fileRef = 5D6339042EDB623000E5C6E5 /* FingeringRowView.swift */; };
		5D63391D2EDB623000E5C6E5 /* GridBackgroundCompact.swift in Sources */ = {isa = PBXBuildFile; fileRef = 5D6339052EDB623000E5C6E5 /* GridBackgroundCompact.swift */; };
		5D63391E2EDB623000E5C6E5 /* NoteViewCompact.swift in Sources */ = {isa = PBXBuildFile; fileRef = 5D6339062EDB623000E5C6E5 /* NoteViewCompact.swift */; };
		5D63391F2EDB623000E5C6E5 /* PianoKeysCompactView.swift in Sources */ = {isa = PBXBuildFile; fileRef = 5D6339072EDB623000E5C6E5 /* PianoKeysCompactView.swift */; };
		5D6339202EDB623000E5C6E5 /* GridBackground.swift in Sources */ = {isa = PBXBuildFile; fileRef = 5D6339092EDB623000E5C6E5 /* GridBackground.swift */; };
		5D6339212EDB623000E5C6E5 /* NoteView.swift in Sources */ = {isa = PBXBuildFile; fileRef = 5D63390A2EDB623000E5C6E5 /* NoteView.swift */; };
		5D6339222EDB623000E5C6E5 /* PianoKeysView.swift in Sources */ = {isa = PBXBuildFile; fileRef = 5D63390B2EDB623000E5C6E5 /* PianoKeysView.swift */; };
		5D6339232EDB623000E5C6E5 /* PianoRollView.swift in Sources */ = {isa = PBXBuildFile; fileRef = 5D63390C2EDB623000E5C6E5 /* PianoRollView.swift */; };
		5D6339242EDB623000E5C6E5 /* ContentView.swift in Sources */ = {isa = PBXBuildFile; fileRef = 5D63390E2EDB623000E5C6E5 /* ContentView.swift */; };
		5D6339252EDB623000E5C6E5 /* UIComponents.swift in Sources */ = {isa = PBXBuildFile; fileRef = 5D63390F2EDB623000E5C6E5 /* UIComponents.swift */; };
		5D6339262EDB623000E5C6E5 /* MidiPlayerApp.swift in Sources */ = {isa = PBXBuildFile; fileRef = 5D6339132EDB623000E5C6E5 /* MidiPlayerApp.swift */; };
		5D6339272EDB623000E5C6E5 /* ievanpolkka.abc in Resources */ = {isa = PBXBuildFile; fileRef = 5D6338F92EDB623000E5C6E5 /* ievanpolkka.abc */; };
		5D6339282EDB623000E5C6E5 /* silverspear.abc in Resources */ = {isa = PBXBuildFile; fileRef = 5D6338FA2EDB623000E5C6E5 /* silverspear.abc */; };
		5D6339292EDB623000E5C6E5 /* silverspear.mid in Resources */ = {isa = PBXBuildFile; fileRef = 5D6338FB2EDB623000E5C6E5 /* silverspear.mid */; };
		5D63392A2EDB623000E5C6E5 /* Assets.xcassets in Resources */ = {isa = PBXBuildFile; fileRef = 5D6339112EDB623000E5C6E5 /* Assets.xcassets */; };
/* End PBXBuildFile section */

/* Begin PBXFileReference section */
		5D25BDBF2EDC1866000A4BA8 /* AppDelegate.swift */ = {isa = PBXFileReference; lastKnownFileType = sourcecode.swift; path = AppDelegate.swift; sourceTree = "<group>"; };
		5D25BDC22EDC1AF2000A4BA8 /* OrientationService.swift */ = {isa = PBXFileReference; lastKnownFileType = sourcecode.swift; path = OrientationService.swift; sourceTree = "<group>"; };
		5D6338F72EDB623000E5C6E5 /* WhistleModels.swift */ = {isa = PBXFileReference; lastKnownFileType = sourcecode.swift; path = WhistleModels.swift; sourceTree = "<group>"; };
		5D6338F92EDB623000E5C6E5 /* ievanpolkka.abc */ = {isa = PBXFileReference; lastKnownFileType = text; path = ievanpolkka.abc; sourceTree = "<group>"; };
		5D6338FA2EDB623000E5C6E5 /* silverspear.abc */ = {isa = PBXFileReference; lastKnownFileType = text; path = silverspear.abc; sourceTree = "<group>"; };
		5D6338FB2EDB623000E5C6E5 /* silverspear.mid */ = {isa = PBXFileReference; lastKnownFileType = audio.midi; path = silverspear.mid; sourceTree = "<group>"; };
		5D6338FD2EDB623000E5C6E5 /* ABCParser.swift */ = {isa = PBXFileReference; lastKnownFileType = sourcecode.swift; path = ABCParser.swift; sourceTree = "<group>"; };
		5D6338FE2EDB623000E5C6E5 /* KeyDetector.swift */ = {isa = PBXFileReference; lastKnownFileType = sourcecode.swift; path = KeyDetector.swift; sourceTree = "<group>"; };
		5D6338FF2EDB623000E5C6E5 /* MIDIParser.swift */ = {isa = PBXFileReference; lastKnownFileType = sourcecode.swift; path = MIDIParser.swift; sourceTree = "<group>"; };
		5D6339002EDB623000E5C6E5 /* MIDISequencer.swift */ = {isa = PBXFileReference; lastKnownFileType = sourcecode.swift; path = MIDISequencer.swift; sourceTree = "<group>"; };
		5D6339022EDB623000E5C6E5 /* FingerChartView.swift */ = {isa = PBXFileReference; lastKnownFileType = sourcecode.swift; path = FingerChartView.swift; sourceTree = "<group>"; };
		5D6339032EDB623000E5C6E5 /* FingeringImageView.swift */ = {isa = PBXFileReference; lastKnownFileType = sourcecode.swift; path = FingeringImageView.swift; sourceTree = "<group>"; };
		5D6339042EDB623000E5C6E5 /* FingeringRowView.swift */ = {isa = PBXFileReference; lastKnownFileType = sourcecode.swift; path = FingeringRowView.swift; sourceTree = "<group>"; };
		5D6339052EDB623000E5C6E5 /* GridBackgroundCompact.swift */ = {isa = PBXFileReference; lastKnownFileType = sourcecode.swift; path = GridBackgroundCompact.swift; sourceTree = "<group>"; };
		5D6339062EDB623000E5C6E5 /* NoteViewCompact.swift */ = {isa = PBXFileReference; lastKnownFileType = sourcecode.swift; path = NoteViewCompact.swift; sourceTree = "<group>"; };
		5D6339072EDB623000E5C6E5 /* PianoKeysCompactView.swift */ = {isa = PBXFileReference; lastKnownFileType = sourcecode.swift; path = PianoKeysCompactView.swift; sourceTree = "<group>"; };
		5D6339092EDB623000E5C6E5 /* GridBackground.swift */ = {isa = PBXFileReference; lastKnownFileType = sourcecode.swift; path = GridBackground.swift; sourceTree = "<group>"; };
		5D63390A2EDB623000E5C6E5 /* NoteView.swift */ = {isa = PBXFileReference; lastKnownFileType = sourcecode.swift; path = NoteView.swift; sourceTree = "<group>"; };
		5D63390B2EDB623000E5C6E5 /* PianoKeysView.swift */ = {isa = PBXFileReference; lastKnownFileType = sourcecode.swift; path = PianoKeysView.swift; sourceTree = "<group>"; };
		5D63390C2EDB623000E5C6E5 /* PianoRollView.swift */ = {isa = PBXFileReference; lastKnownFileType = sourcecode.swift; path = PianoRollView.swift; sourceTree = "<group>"; };
		5D63390E2EDB623000E5C6E5 /* ContentView.swift */ = {isa = PBXFileReference; lastKnownFileType = sourcecode.swift; path = ContentView.swift; sourceTree = "<group>"; };
		5D63390F2EDB623000E5C6E5 /* UIComponents.swift */ = {isa = PBXFileReference; lastKnownFileType = sourcecode.swift; path = UIComponents.swift; sourceTree = "<group>"; };
		5D6339112EDB623000E5C6E5 /* Assets.xcassets */ = {isa = PBXFileReference; lastKnownFileType = folder.assetcatalog; path = Assets.xcassets; sourceTree = "<group>"; };
		5D6339122EDB623000E5C6E5 /* MidiPlayer.entitlements */ = {isa = PBXFileReference; lastKnownFileType = text.plist.entitlements; path = MidiPlayer.entitlements; sourceTree = "<group>"; };
		5D6339132EDB623000E5C6E5 /* MidiPlayerApp.swift */ = {isa = PBXFileReference; lastKnownFileType = sourcecode.swift; path = MidiPlayerApp.swift; sourceTree = "<group>"; };
		9DB318972ED887A00002599E /* MidiPlayer.app */ = {isa = PBXFileReference; explicitFileType = wrapper.application; includeInIndex = 0; path = MidiPlayer.app; sourceTree = BUILT_PRODUCTS_DIR; };
/* End PBXFileReference section */

/* Begin PBXFrameworksBuildPhase section */
		9DB318942ED887A00002599E /* Frameworks */ = {
			isa = PBXFrameworksBuildPhase;
			buildActionMask = 2147483647;
			files = (
				5D11703E2EDA2B7300F3B1A1 /* AudioKit in Frameworks */,
				5D1170412EDA2C4900F3B1A1 /* AudioKitEX in Frameworks */,
			);
			runOnlyForDeploymentPostprocessing = 0;
		};
/* End PBXFrameworksBuildPhase section */

/* Begin PBXGroup section */
		5D25BDC12EDC1AD7000A4BA8 /* Orientation */ = {
			isa = PBXGroup;
			children = (
				5D25BDC22EDC1AF2000A4BA8 /* OrientationService.swift */,
				5D25BDBF2EDC1866000A4BA8 /* AppDelegate.swift */,
			);
			path = Orientation;
			sourceTree = "<group>";
		};
		5D6338F82EDB623000E5C6E5 /* Models */ = {
			isa = PBXGroup;
			children = (
				5D6338F72EDB623000E5C6E5 /* WhistleModels.swift */,
			);
			path = Models;
			sourceTree = "<group>";
		};
		5D6338FC2EDB623000E5C6E5 /* Resources */ = {
			isa = PBXGroup;
			children = (
				5D6338F92EDB623000E5C6E5 /* ievanpolkka.abc */,
				5D6338FA2EDB623000E5C6E5 /* silverspear.abc */,
				5D6338FB2EDB623000E5C6E5 /* silverspear.mid */,
			);
			path = Resources;
			sourceTree = "<group>";
		};
		5D6339012EDB623000E5C6E5 /* Services */ = {
			isa = PBXGroup;
			children = (
				5D25BDC12EDC1AD7000A4BA8 /* Orientation */,
				5D6338FD2EDB623000E5C6E5 /* ABCParser.swift */,
				5D6338FE2EDB623000E5C6E5 /* KeyDetector.swift */,
				5D6338FF2EDB623000E5C6E5 /* MIDIParser.swift */,
				5D6339002EDB623000E5C6E5 /* MIDISequencer.swift */,
			);
			path = Services;
			sourceTree = "<group>";
		};
		5D6339082EDB623000E5C6E5 /* FingerChart */ = {
			isa = PBXGroup;
			children = (
				5D6339022EDB623000E5C6E5 /* FingerChartView.swift */,
				5D6339032EDB623000E5C6E5 /* FingeringImageView.swift */,
				5D6339042EDB623000E5C6E5 /* FingeringRowView.swift */,
				5D6339052EDB623000E5C6E5 /* GridBackgroundCompact.swift */,
				5D6339062EDB623000E5C6E5 /* NoteViewCompact.swift */,
				5D6339072EDB623000E5C6E5 /* PianoKeysCompactView.swift */,
			);
			path = FingerChart;
			sourceTree = "<group>";
		};
		5D63390D2EDB623000E5C6E5 /* PianoRoll */ = {
			isa = PBXGroup;
			children = (
				5D6339092EDB623000E5C6E5 /* GridBackground.swift */,
				5D63390A2EDB623000E5C6E5 /* NoteView.swift */,
				5D63390B2EDB623000E5C6E5 /* PianoKeysView.swift */,
				5D63390C2EDB623000E5C6E5 /* PianoRollView.swift */,
			);
			path = PianoRoll;
			sourceTree = "<group>";
		};
		5D6339102EDB623000E5C6E5 /* Views */ = {
			isa = PBXGroup;
			children = (
				5D6339082EDB623000E5C6E5 /* FingerChart */,
				5D63390D2EDB623000E5C6E5 /* PianoRoll */,
				5D63390E2EDB623000E5C6E5 /* ContentView.swift */,
				5D63390F2EDB623000E5C6E5 /* UIComponents.swift */,
			);
			path = Views;
			sourceTree = "<group>";
		};
		5D6339142EDB623000E5C6E5 /* MidiPlayer */ = {
			isa = PBXGroup;
			children = (
				5D6338F82EDB623000E5C6E5 /* Models */,
				5D6338FC2EDB623000E5C6E5 /* Resources */,
				5D6339012EDB623000E5C6E5 /* Services */,
				5D6339102EDB623000E5C6E5 /* Views */,
				5D6339112EDB623000E5C6E5 /* Assets.xcassets */,
				5D6339122EDB623000E5C6E5 /* MidiPlayer.entitlements */,
				5D6339132EDB623000E5C6E5 /* MidiPlayerApp.swift */,
			);
			path = MidiPlayer;
			sourceTree = "<group>";
		};
		9DB3188E2ED887A00002599E = {
			isa = PBXGroup;
			children = (
				5D6339142EDB623000E5C6E5 /* MidiPlayer */,
				9DB318982ED887A00002599E /* Products */,
			);
			sourceTree = "<group>";
		};
		9DB318982ED887A00002599E /* Products */ = {
			isa = PBXGroup;
			children = (
				9DB318972ED887A00002599E /* MidiPlayer.app */,
			);
			name = Products;
			sourceTree = "<group>";
		};
/* End PBXGroup section */

/* Begin PBXNativeTarget section */
		9DB318962ED887A00002599E /* MidiPlayer */ = {
			isa = PBXNativeTarget;
			buildConfigurationList = 9DB318A32ED887A10002599E /* Build configuration list for PBXNativeTarget "MidiPlayer" */;
			buildPhases = (
				9DB318932ED887A00002599E /* Sources */,
				9DB318942ED887A00002599E /* Frameworks */,
				9DB318952ED887A00002599E /* Resources */,
			);
			buildRules = (
			);
			dependencies = (
			);
			name = MidiPlayer;
			packageProductDependencies = (
				5D11703D2EDA2B7300F3B1A1 /* AudioKit */,
				5D1170402EDA2C4900F3B1A1 /* AudioKitEX */,
			);
			productName = MidiPlayer;
			productReference = 9DB318972ED887A00002599E /* MidiPlayer.app */;
			productType = "com.apple.product-type.application";
		};
/* End PBXNativeTarget section */

/* Begin PBXProject section */
		9DB3188F2ED887A00002599E /* Project object */ = {
			isa = PBXProject;
			attributes = {
				BuildIndependentTargetsInParallel = 1;
				LastSwiftUpdateCheck = 1640;
				LastUpgradeCheck = 1640;
				TargetAttributes = {
					9DB318962ED887A00002599E = {
						CreatedOnToolsVersion = 16.4;
					};
				};
			};
			buildConfigurationList = 9DB318922ED887A00002599E /* Build configuration list for PBXProject "MidiPlayer" */;
			developmentRegion = en;
			hasScannedForEncodings = 0;
			knownRegions = (
				en,
				Base,
			);
			mainGroup = 9DB3188E2ED887A00002599E;
			minimizedProjectReferenceProxies = 1;
			packageReferences = (
				5D11703C2EDA2B7300F3B1A1 /* XCRemoteSwiftPackageReference "AudioKit" */,
				5D11703F2EDA2C4900F3B1A1 /* XCRemoteSwiftPackageReference "AudioKitEX" */,
			);
			preferredProjectObjectVersion = 77;
			productRefGroup = 9DB318982ED887A00002599E /* Products */;
			projectDirPath = "";
			projectRoot = "";
			targets = (
				9DB318962ED887A00002599E /* MidiPlayer */,
			);
		};
/* End PBXProject section */

/* Begin PBXResourcesBuildPhase section */
		9DB318952ED887A00002599E /* Resources */ = {
			isa = PBXResourcesBuildPhase;
			buildActionMask = 2147483647;
			files = (
				5D6339272EDB623000E5C6E5 /* ievanpolkka.abc in Resources */,
				5D6339282EDB623000E5C6E5 /* silverspear.abc in Resources */,
				5D6339292EDB623000E5C6E5 /* silverspear.mid in Resources */,
				5D63392A2EDB623000E5C6E5 /* Assets.xcassets in Resources */,
			);
			runOnlyForDeploymentPostprocessing = 0;
		};
/* End PBXResourcesBuildPhase section */

/* Begin PBXSourcesBuildPhase section */
		9DB318932ED887A00002599E /* Sources */ = {
			isa = PBXSourcesBuildPhase;
			buildActionMask = 2147483647;
			files = (
				5D6339152EDB623000E5C6E5 /* WhistleModels.swift in Sources */,
				5D6339162EDB623000E5C6E5 /* ABCParser.swift in Sources */,
				5D25BDC02EDC1866000A4BA8 /* AppDelegate.swift in Sources */,
				5D6339172EDB623000E5C6E5 /* KeyDetector.swift in Sources */,
				5D25BDC32EDC1AF2000A4BA8 /* OrientationService.swift in Sources */,
				5D6339182EDB623000E5C6E5 /* MIDIParser.swift in Sources */,
				5D6339192EDB623000E5C6E5 /* MIDISequencer.swift in Sources */,
				5D63391A2EDB623000E5C6E5 /* FingerChartView.swift in Sources */,
				5D63391B2EDB623000E5C6E5 /* FingeringImageView.swift in Sources */,
				5D63391C2EDB623000E5C6E5 /* FingeringRowView.swift in Sources */,
				5D63391D2EDB623000E5C6E5 /* GridBackgroundCompact.swift in Sources */,
				5D63391E2EDB623000E5C6E5 /* NoteViewCompact.swift in Sources */,
				5D63391F2EDB623000E5C6E5 /* PianoKeysCompactView.swift in Sources */,
				5D6339202EDB623000E5C6E5 /* GridBackground.swift in Sources */,
				5D6339212EDB623000E5C6E5 /* NoteView.swift in Sources */,
				5D6339222EDB623000E5C6E5 /* PianoKeysView.swift in Sources */,
				5D6339232EDB623000E5C6E5 /* PianoRollView.swift in Sources */,
				5D6339242EDB623000E5C6E5 /* ContentView.swift in Sources */,
				5D6339252EDB623000E5C6E5 /* UIComponents.swift in Sources */,
				5D6339262EDB623000E5C6E5 /* MidiPlayerApp.swift in Sources */,
			);
			runOnlyForDeploymentPostprocessing = 0;
		};
/* End PBXSourcesBuildPhase section */

/* Begin XCBuildConfiguration section */
		9DB318A12ED887A10002599E /* Debug */ = {
			isa = XCBuildConfiguration;
			buildSettings = {
				ALWAYS_SEARCH_USER_PATHS = NO;
				ASSETCATALOG_COMPILER_GENERATE_SWIFT_ASSET_SYMBOL_EXTENSIONS = YES;
				CLANG_ANALYZER_NONNULL = YES;
				CLANG_ANALYZER_NUMBER_OBJECT_CONVERSION = YES_AGGRESSIVE;
				CLANG_CXX_LANGUAGE_STANDARD = "gnu++20";
				CLANG_ENABLE_MODULES = YES;
				CLANG_ENABLE_OBJC_ARC = YES;
				CLANG_ENABLE_OBJC_WEAK = YES;
				CLANG_WARN_BLOCK_CAPTURE_AUTORELEASING = YES;
				CLANG_WARN_BOOL_CONVERSION = YES;
				CLANG_WARN_COMMA = YES;
				CLANG_WARN_CONSTANT_CONVERSION = YES;
				CLANG_WARN_DEPRECATED_OBJC_IMPLEMENTATIONS = YES;
				CLANG_WARN_DIRECT_OBJC_ISA_USAGE = YES_ERROR;
				CLANG_WARN_DOCUMENTATION_COMMENTS = YES;
				CLANG_WARN_EMPTY_BODY = YES;
				CLANG_WARN_ENUM_CONVERSION = YES;
				CLANG_WARN_INFINITE_RECURSION = YES;
				CLANG_WARN_INT_CONVERSION = YES;
				CLANG_WARN_NON_LITERAL_NULL_CONVERSION = YES;
				CLANG_WARN_OBJC_IMPLICIT_RETAIN_SELF = YES;
				CLANG_WARN_OBJC_LITERAL_CONVERSION = YES;
				CLANG_WARN_OBJC_ROOT_CLASS = YES_ERROR;
				CLANG_WARN_QUOTED_INCLUDE_IN_FRAMEWORK_HEADER = YES;
				CLANG_WARN_RANGE_LOOP_ANALYSIS = YES;
				CLANG_WARN_STRICT_PROTOTYPES = YES;
				CLANG_WARN_SUSPICIOUS_MOVE = YES;
				CLANG_WARN_UNGUARDED_AVAILABILITY = YES_AGGRESSIVE;
				CLANG_WARN_UNREACHABLE_CODE = YES;
				CLANG_WARN__DUPLICATE_METHOD_MATCH = YES;
				COPY_PHASE_STRIP = NO;
				DEBUG_INFORMATION_FORMAT = dwarf;
				DEVELOPMENT_TEAM = 537KS4297U;
				ENABLE_STRICT_OBJC_MSGSEND = YES;
				ENABLE_TESTABILITY = YES;
				ENABLE_USER_SCRIPT_SANDBOXING = YES;
				GCC_C_LANGUAGE_STANDARD = gnu17;
				GCC_DYNAMIC_NO_PIC = NO;
				GCC_NO_COMMON_BLOCKS = YES;
				GCC_OPTIMIZATION_LEVEL = 0;
				GCC_PREPROCESSOR_DEFINITIONS = (
					"DEBUG=1",
					"$(inherited)",
				);
				GCC_WARN_64_TO_32_BIT_CONVERSION = YES;
				GCC_WARN_ABOUT_RETURN_TYPE = YES_ERROR;
				GCC_WARN_UNDECLARED_SELECTOR = YES;
				GCC_WARN_UNINITIALIZED_AUTOS = YES_AGGRESSIVE;
				GCC_WARN_UNUSED_FUNCTION = YES;
				GCC_WARN_UNUSED_VARIABLE = YES;
				LOCALIZATION_PREFERS_STRING_CATALOGS = YES;
				MTL_ENABLE_DEBUG_INFO = INCLUDE_SOURCE;
				MTL_FAST_MATH = YES;
				ONLY_ACTIVE_ARCH = YES;
				SWIFT_ACTIVE_COMPILATION_CONDITIONS = "DEBUG $(inherited)";
				SWIFT_OPTIMIZATION_LEVEL = "-Onone";
			};
			name = Debug;
		};
		9DB318A22ED887A10002599E /* Release */ = {
			isa = XCBuildConfiguration;
			buildSettings = {
				ALWAYS_SEARCH_USER_PATHS = NO;
				ASSETCATALOG_COMPILER_GENERATE_SWIFT_ASSET_SYMBOL_EXTENSIONS = YES;
				CLANG_ANALYZER_NONNULL = YES;
				CLANG_ANALYZER_NUMBER_OBJECT_CONVERSION = YES_AGGRESSIVE;
				CLANG_CXX_LANGUAGE_STANDARD = "gnu++20";
				CLANG_ENABLE_MODULES = YES;
				CLANG_ENABLE_OBJC_ARC = YES;
				CLANG_ENABLE_OBJC_WEAK = YES;
				CLANG_WARN_BLOCK_CAPTURE_AUTORELEASING = YES;
				CLANG_WARN_BOOL_CONVERSION = YES;
				CLANG_WARN_COMMA = YES;
				CLANG_WARN_CONSTANT_CONVERSION = YES;
				CLANG_WARN_DEPRECATED_OBJC_IMPLEMENTATIONS = YES;
				CLANG_WARN_DIRECT_OBJC_ISA_USAGE = YES_ERROR;
				CLANG_WARN_DOCUMENTATION_COMMENTS = YES;
				CLANG_WARN_EMPTY_BODY = YES;
				CLANG_WARN_ENUM_CONVERSION = YES;
				CLANG_WARN_INFINITE_RECURSION = YES;
				CLANG_WARN_INT_CONVERSION = YES;
				CLANG_WARN_NON_LITERAL_NULL_CONVERSION = YES;
				CLANG_WARN_OBJC_IMPLICIT_RETAIN_SELF = YES;
				CLANG_WARN_OBJC_LITERAL_CONVERSION = YES;
				CLANG_WARN_OBJC_ROOT_CLASS = YES_ERROR;
				CLANG_WARN_QUOTED_INCLUDE_IN_FRAMEWORK_HEADER = YES;
				CLANG_WARN_RANGE_LOOP_ANALYSIS = YES;
				CLANG_WARN_STRICT_PROTOTYPES = YES;
				CLANG_WARN_SUSPICIOUS_MOVE = YES;
				CLANG_WARN_UNGUARDED_AVAILABILITY = YES_AGGRESSIVE;
				CLANG_WARN_UNREACHABLE_CODE = YES;
				CLANG_WARN__DUPLICATE_METHOD_MATCH = YES;
				COPY_PHASE_STRIP = NO;
				DEBUG_INFORMATION_FORMAT = "dwarf-with-dsym";
				DEVELOPMENT_TEAM = 537KS4297U;
				ENABLE_NS_ASSERTIONS = NO;
				ENABLE_STRICT_OBJC_MSGSEND = YES;
				ENABLE_USER_SCRIPT_SANDBOXING = YES;
				GCC_C_LANGUAGE_STANDARD = gnu17;
				GCC_NO_COMMON_BLOCKS = YES;
				GCC_WARN_64_TO_32_BIT_CONVERSION = YES;
				GCC_WARN_ABOUT_RETURN_TYPE = YES_ERROR;
				GCC_WARN_UNDECLARED_SELECTOR = YES;
				GCC_WARN_UNINITIALIZED_AUTOS = YES_AGGRESSIVE;
				GCC_WARN_UNUSED_FUNCTION = YES;
				GCC_WARN_UNUSED_VARIABLE = YES;
				LOCALIZATION_PREFERS_STRING_CATALOGS = YES;
				MTL_ENABLE_DEBUG_INFO = NO;
				MTL_FAST_MATH = YES;
				SWIFT_COMPILATION_MODE = wholemodule;
			};
			name = Release;
		};
		9DB318A42ED887A10002599E /* Debug */ = {
			isa = XCBuildConfiguration;
			buildSettings = {
				ASSETCATALOG_COMPILER_APPICON_NAME = AppIcon;
				ASSETCATALOG_COMPILER_GLOBAL_ACCENT_COLOR_NAME = AccentColor;
				CODE_SIGN_ENTITLEMENTS = MidiPlayer/MidiPlayer.entitlements;
				CODE_SIGN_STYLE = Automatic;
				CURRENT_PROJECT_VERSION = 1;
				DEVELOPMENT_TEAM = 537KS4297U;
				ENABLE_HARDENED_RUNTIME = YES;
				ENABLE_PREVIEWS = YES;
				GENERATE_INFOPLIST_FILE = YES;
				"INFOPLIST_KEY_UIApplicationSceneManifest_Generation[sdk=iphoneos*]" = YES;
				"INFOPLIST_KEY_UIApplicationSceneManifest_Generation[sdk=iphonesimulator*]" = YES;
				"INFOPLIST_KEY_UIApplicationSupportsIndirectInputEvents[sdk=iphoneos*]" = YES;
				"INFOPLIST_KEY_UIApplicationSupportsIndirectInputEvents[sdk=iphonesimulator*]" = YES;
				"INFOPLIST_KEY_UILaunchScreen_Generation[sdk=iphoneos*]" = YES;
				"INFOPLIST_KEY_UILaunchScreen_Generation[sdk=iphonesimulator*]" = YES;
				"INFOPLIST_KEY_UIStatusBarStyle[sdk=iphoneos*]" = UIStatusBarStyleDefault;
				"INFOPLIST_KEY_UIStatusBarStyle[sdk=iphonesimulator*]" = UIStatusBarStyleDefault;
				INFOPLIST_KEY_UISupportedInterfaceOrientations = UIInterfaceOrientationPortrait;
				INFOPLIST_KEY_UISupportedInterfaceOrientations_iPad = "UIInterfaceOrientationLandscapeLeft UIInterfaceOrientationLandscapeRight UIInterfaceOrientationPortrait UIInterfaceOrientationPortraitUpsideDown";
				IPHONEOS_DEPLOYMENT_TARGET = 17.0;
				LD_RUNPATH_SEARCH_PATHS = "@executable_path/Frameworks";
				"LD_RUNPATH_SEARCH_PATHS[sdk=macosx*]" = "@executable_path/../Frameworks";
				MACOSX_DEPLOYMENT_TARGET = 15.5;
				MARKETING_VERSION = 1.0;
				PRODUCT_BUNDLE_IDENTIFIER = "test.MidiPlayer-";
				PRODUCT_NAME = "$(TARGET_NAME)";
				REGISTER_APP_GROUPS = YES;
				SDKROOT = auto;
				SUPPORTED_PLATFORMS = "iphoneos iphonesimulator macosx";
				SUPPORTS_MACCATALYST = NO;
				SWIFT_EMIT_LOC_STRINGS = YES;
				SWIFT_VERSION = 5.0;
				TARGETED_DEVICE_FAMILY = 1;
				XROS_DEPLOYMENT_TARGET = 2.5;
			};
			name = Debug;
		};
		9DB318A52ED887A10002599E /* Release */ = {
			isa = XCBuildConfiguration;
			buildSettings = {
				ASSETCATALOG_COMPILER_APPICON_NAME = AppIcon;
				ASSETCATALOG_COMPILER_GLOBAL_ACCENT_COLOR_NAME = AccentColor;
				CODE_SIGN_ENTITLEMENTS = MidiPlayer/MidiPlayer.entitlements;
				CODE_SIGN_STYLE = Automatic;
				CURRENT_PROJECT_VERSION = 1;
				DEVELOPMENT_TEAM = 537KS4297U;
				ENABLE_HARDENED_RUNTIME = YES;
				ENABLE_PREVIEWS = YES;
				GENERATE_INFOPLIST_FILE = YES;
				"INFOPLIST_KEY_UIApplicationSceneManifest_Generation[sdk=iphoneos*]" = YES;
				"INFOPLIST_KEY_UIApplicationSceneManifest_Generation[sdk=iphonesimulator*]" = YES;
				"INFOPLIST_KEY_UIApplicationSupportsIndirectInputEvents[sdk=iphoneos*]" = YES;
				"INFOPLIST_KEY_UIApplicationSupportsIndirectInputEvents[sdk=iphonesimulator*]" = YES;
				"INFOPLIST_KEY_UILaunchScreen_Generation[sdk=iphoneos*]" = YES;
				"INFOPLIST_KEY_UILaunchScreen_Generation[sdk=iphonesimulator*]" = YES;
				"INFOPLIST_KEY_UIStatusBarStyle[sdk=iphoneos*]" = UIStatusBarStyleDefault;
				"INFOPLIST_KEY_UIStatusBarStyle[sdk=iphonesimulator*]" = UIStatusBarStyleDefault;
				INFOPLIST_KEY_UISupportedInterfaceOrientations = UIInterfaceOrientationPortrait;
				INFOPLIST_KEY_UISupportedInterfaceOrientations_iPad = "UIInterfaceOrientationLandscapeLeft UIInterfaceOrientationLandscapeRight UIInterfaceOrientationPortrait UIInterfaceOrientationPortraitUpsideDown";
				IPHONEOS_DEPLOYMENT_TARGET = 17.0;
				LD_RUNPATH_SEARCH_PATHS = "@executable_path/Frameworks";
				"LD_RUNPATH_SEARCH_PATHS[sdk=macosx*]" = "@executable_path/../Frameworks";
				MACOSX_DEPLOYMENT_TARGET = 15.5;
				MARKETING_VERSION = 1.0;
				PRODUCT_BUNDLE_IDENTIFIER = "test.MidiPlayer-";
				PRODUCT_NAME = "$(TARGET_NAME)";
				REGISTER_APP_GROUPS = YES;
				SDKROOT = auto;
				SUPPORTED_PLATFORMS = "iphoneos iphonesimulator macosx";
				SUPPORTS_MACCATALYST = NO;
				SWIFT_EMIT_LOC_STRINGS = YES;
				SWIFT_VERSION = 5.0;
				TARGETED_DEVICE_FAMILY = 1;
				XROS_DEPLOYMENT_TARGET = 2.5;
			};
			name = Release;
		};
/* End XCBuildConfiguration section */

/* Begin XCConfigurationList section */
		9DB318922ED887A00002599E /* Build configuration list for PBXProject "MidiPlayer" */ = {
			isa = XCConfigurationList;
			buildConfigurations = (
				9DB318A12ED887A10002599E /* Debug */,
				9DB318A22ED887A10002599E /* Release */,
			);
			defaultConfigurationIsVisible = 0;
			defaultConfigurationName = Release;
		};
		9DB318A32ED887A10002599E /* Build configuration list for PBXNativeTarget "MidiPlayer" */ = {
			isa = XCConfigurationList;
			buildConfigurations = (
				9DB318A42ED887A10002599E /* Debug */,
				9DB318A52ED887A10002599E /* Release */,
			);
			defaultConfigurationIsVisible = 0;
			defaultConfigurationName = Release;
		};
/* End XCConfigurationList section */

/* Begin XCRemoteSwiftPackageReference section */
		5D11703C2EDA2B7300F3B1A1 /* XCRemoteSwiftPackageReference "AudioKit" */ = {
			isa = XCRemoteSwiftPackageReference;
			repositoryURL = "https://github.com/AudioKit/AudioKit";
			requirement = {
				kind = upToNextMajorVersion;
				minimumVersion = 5.6.5;
			};
		};
		5D11703F2EDA2C4900F3B1A1 /* XCRemoteSwiftPackageReference "AudioKitEX" */ = {
			isa = XCRemoteSwiftPackageReference;
			repositoryURL = "https://github.com/AudioKit/AudioKitEX";
			requirement = {
				kind = upToNextMajorVersion;
				minimumVersion = 5.6.2;
			};
		};
/* End XCRemoteSwiftPackageReference section */

/* Begin XCSwiftPackageProductDependency section */
		5D11703D2EDA2B7300F3B1A1 /* AudioKit */ = {
			isa = XCSwiftPackageProductDependency;
			package = 5D11703C2EDA2B7300F3B1A1 /* XCRemoteSwiftPackageReference "AudioKit" */;
			productName = AudioKit;
		};
		5D1170402EDA2C4900F3B1A1 /* AudioKitEX */ = {
			isa = XCSwiftPackageProductDependency;
			package = 5D11703F2EDA2C4900F3B1A1 /* XCRemoteSwiftPackageReference "AudioKitEX" */;
			productName = AudioKitEX;
		};
/* End XCSwiftPackageProductDependency section */
	};
	rootObject = 9DB3188F2ED887A00002599E /* Project object */;
}
