// !$*UTF8*$!
{
	archiveVersion = 1;
	classes = {
	};
	objectVersion = 77;
	objects = {

/* Begin PBXBuildFile section */
		5D74FB652EF154BA002DD315 /* MainContainer.swift in Sources */ = {isa = PBXBuildFile; fileRef = 5D74FB642EF154B9002DD315 /* MainContainer.swift */; };
		5D74FB672EF15AFD002DD315 /* TuneStoreManager.swift in Sources */ = {isa = PBXBuildFile; fileRef = 5D74FB662EF15AFD002DD315 /* TuneStoreManager.swift */; };
		5D74FB692EF16030002DD315 /* testTune.abc in Resources */ = {isa = PBXBuildFile; fileRef = 5D74FB682EF16030002DD315 /* testTune.abc */; };
		5D74FB6B2EF16176002DD315 /* TuneManagerView.swift in Sources */ = {isa = PBXBuildFile; fileRef = 5D74FB6A2EF16176002DD315 /* TuneManagerView.swift */; };
		5D74FB6E2EF16560002DD315 /* DocumentPicker.swift in Sources */ = {isa = PBXBuildFile; fileRef = 5D74FB6D2EF16560002DD315 /* DocumentPicker.swift */; };
		5D74FB702EF174F2002DD315 /* ABCParser.swift in Sources */ = {isa = PBXBuildFile; fileRef = 5D74FB6F2EF174F2002DD315 /* ABCParser.swift */; };
		5D74FB722EF17526002DD315 /* KeyCalculator.swift in Sources */ = {isa = PBXBuildFile; fileRef = 5D74FB712EF17526002DD315 /* KeyCalculator.swift */; };
		5D74FB752EF17549002DD315 /* KeyDetector.swift in Sources */ = {isa = PBXBuildFile; fileRef = 5D74FB742EF17549002DD315 /* KeyDetector.swift */; };
		5D74FB772EF17556002DD315 /* MIDISequencer.swift in Sources */ = {isa = PBXBuildFile; fileRef = 5D74FB762EF17556002DD315 /* MIDISequencer.swift */; };
		5D74FB792EF17571002DD315 /* MIDIParser.swift in Sources */ = {isa = PBXBuildFile; fileRef = 5D74FB782EF17571002DD315 /* MIDIParser.swift */; };
		5D74FB812EF175FE002DD315 /* NoteHoleView.swift in Sources */ = {isa = PBXBuildFile; fileRef = 5D74FB7B2EF175FE002DD315 /* NoteHoleView.swift */; };
		5D74FB822EF175FE002DD315 /* FingeringImageView.swift in Sources */ = {isa = PBXBuildFile; fileRef = 5D74FB7E2EF175FE002DD315 /* FingeringImageView.swift */; };
		5D74FB832EF175FE002DD315 /* FingerChartView.swift in Sources */ = {isa = PBXBuildFile; fileRef = 5D74FB7D2EF175FE002DD315 /* FingerChartView.swift */; };
		5D74FB842EF175FE002DD315 /* ApplicatureView.swift in Sources */ = {isa = PBXBuildFile; fileRef = 5D74FB7A2EF175FE002DD315 /* ApplicatureView.swift */; };
		5D74FB852EF175FE002DD315 /* FingeringRowView.swift in Sources */ = {isa = PBXBuildFile; fileRef = 5D74FB7F2EF175FE002DD315 /* FingeringRowView.swift */; };
		5D74FB872EF17628002DD315 /* FingerChartStyleManager.swift in Sources */ = {isa = PBXBuildFile; fileRef = 5D74FB862EF17628002DD315 /* FingerChartStyleManager.swift */; };
		5D7EC5A02EF583BD00226693 /* TuneAndWhistleSectionView.swift in Sources */ = {isa = PBXBuildFile; fileRef = 5D7EC59F2EF583BD00226693 /* TuneAndWhistleSectionView.swift */; };
		5D7EC5A22EF5843C00226693 /* WhistleKeyPicker.swift in Sources */ = {isa = PBXBuildFile; fileRef = 5D7EC5A12EF5843C00226693 /* WhistleKeyPicker.swift */; };
		5D7EC5A52EF587A100226693 /* NotesVizualizationView.swift in Sources */ = {isa = PBXBuildFile; fileRef = 5D7EC5A42EF587A100226693 /* NotesVizualizationView.swift */; };
		5D7EC5AC2EF59A6A00226693 /* PianoRollView.swift in Sources */ = {isa = PBXBuildFile; fileRef = 5D7EC5AA2EF59A6A00226693 /* PianoRollView.swift */; };
		5D7EC5AD2EF59A6A00226693 /* PianoKeysView.swift in Sources */ = {isa = PBXBuildFile; fileRef = 5D7EC5A92EF59A6A00226693 /* PianoKeysView.swift */; };
		5D7EC5AE2EF59A6A00226693 /* NoteView.swift in Sources */ = {isa = PBXBuildFile; fileRef = 5D7EC5A82EF59A6A00226693 /* NoteView.swift */; };
		5D7EC5AF2EF59A6A00226693 /* GridBackground.swift in Sources */ = {isa = PBXBuildFile; fileRef = 5D7EC5A72EF59A6A00226693 /* GridBackground.swift */; };
		5D7EC5B12EF5BFC100226693 /* PlaybackControlsSectionView.swift in Sources */ = {isa = PBXBuildFile; fileRef = 5D7EC5B02EF5BFC100226693 /* PlaybackControlsSectionView.swift */; };
		5D7EC5B42EF5BFF300226693 /* ControlButton.swift in Sources */ = {isa = PBXBuildFile; fileRef = 5D7EC5B32EF5BFF300226693 /* ControlButton.swift */; };
		5D8754822EEED73F00972A1D /* WhistlyApp.swift in Sources */ = {isa = PBXBuildFile; fileRef = 5D8754802EEED73F00972A1D /* WhistlyApp.swift */; };
		5D8754832EEED73F00972A1D /* Assets.xcassets in Resources */ = {isa = PBXBuildFile; fileRef = 5D87547F2EEED73F00972A1D /* Assets.xcassets */; };
		5D8754852EEEDCBF00972A1D /* NavigationManager.swift in Sources */ = {isa = PBXBuildFile; fileRef = 5D8754842EEEDCBF00972A1D /* NavigationManager.swift */; };
		5D8754872EEEDCC900972A1D /* PurchaseManager.swift in Sources */ = {isa = PBXBuildFile; fileRef = 5D8754862EEEDCC900972A1D /* PurchaseManager.swift */; };
		5D87548A2EEEDCFD00972A1D /* ApphudBase in Frameworks */ = {isa = PBXBuildFile; productRef = 5D8754892EEEDCFD00972A1D /* ApphudBase */; };
		5D87548D2EEEDD0600972A1D /* AudioKit in Frameworks */ = {isa = PBXBuildFile; productRef = 5D87548C2EEEDD0600972A1D /* AudioKit */; };
		5D8754902EEEDD1000972A1D /* AudioKitEX in Frameworks */ = {isa = PBXBuildFile; productRef = 5D87548F2EEEDD1000972A1D /* AudioKitEX */; };
		5D8754922EEEDD2700972A1D /* ConfigData.swift in Sources */ = {isa = PBXBuildFile; fileRef = 5D8754912EEEDD2700972A1D /* ConfigData.swift */; };
		5D8754942EEEDD3300972A1D /* ApphudProduct+.swift in Sources */ = {isa = PBXBuildFile; fileRef = 5D8754932EEEDD3300972A1D /* ApphudProduct+.swift */; };
		5D8754962EEEDD3A00972A1D /* Image+.swift in Sources */ = {isa = PBXBuildFile; fileRef = 5D8754952EEEDD3A00972A1D /* Image+.swift */; };
		5D8754982EEEDD3F00972A1D /* UIDevice+.swift in Sources */ = {isa = PBXBuildFile; fileRef = 5D8754972EEEDD3F00972A1D /* UIDevice+.swift */; };
		5D87549A2EEEDD4400972A1D /* View+.swift in Sources */ = {isa = PBXBuildFile; fileRef = 5D8754992EEEDD4400972A1D /* View+.swift */; };
		5D87549E2EEEDD7200972A1D /* CustomToggleView.swift in Sources */ = {isa = PBXBuildFile; fileRef = 5D87549C2EEEDD7200972A1D /* CustomToggleView.swift */; };
		5D87549F2EEEDD7200972A1D /* BigButton.swift in Sources */ = {isa = PBXBuildFile; fileRef = 5D87549B2EEEDD7200972A1D /* BigButton.swift */; };
		5D8754A02EEEDD7200972A1D /* ShareSheet.swift in Sources */ = {isa = PBXBuildFile; fileRef = 5D87549D2EEEDD7200972A1D /* ShareSheet.swift */; };
		5D8754A22EEEDD8100972A1D /* DebugSK.storekit in Resources */ = {isa = PBXBuildFile; fileRef = 5D8754A12EEEDD8100972A1D /* DebugSK.storekit */; };
		5D8754A42EEEDD8700972A1D /* apphud_paywalls_fallback.json in Resources */ = {isa = PBXBuildFile; fileRef = 5D8754A32EEEDD8700972A1D /* apphud_paywalls_fallback.json */; };
		5D8754A82EEEDD9900972A1D /* SplashView.swift in Sources */ = {isa = PBXBuildFile; fileRef = 5D8754A62EEEDD9900972A1D /* SplashView.swift */; };
		5D8754AD2EEEE3D400972A1D /* Gradient+.swift in Sources */ = {isa = PBXBuildFile; fileRef = 5D8754AC2EEEE3D400972A1D /* Gradient+.swift */; };
		5D8754AF2EEEE61B00972A1D /* LaunchScreen.storyboard in Resources */ = {isa = PBXBuildFile; fileRef = 5D8754AE2EEEE61B00972A1D /* LaunchScreen.storyboard */; };
		5D8754B32EEEE6F500972A1D /* OnboardingView.swift in Sources */ = {isa = PBXBuildFile; fileRef = 5D8754B12EEEE6F500972A1D /* OnboardingView.swift */; };
		5D8754B42EEEE6F500972A1D /* OBFooterView.swift in Sources */ = {isa = PBXBuildFile; fileRef = 5D8754B02EEEE6F500972A1D /* OBFooterView.swift */; };
		5D8754B62EEEE7E500972A1D /* RoundedCorner.swift in Sources */ = {isa = PBXBuildFile; fileRef = 5D8754B52EEEE7E500972A1D /* RoundedCorner.swift */; };
		5D8754B82EEEE85900972A1D /* BackgroundView.swift in Sources */ = {isa = PBXBuildFile; fileRef = 5D8754B72EEEE85900972A1D /* BackgroundView.swift */; };
		5DCA56F42EF71175006D306B /* ModelTest.swift in Sources */ = {isa = PBXBuildFile; fileRef = 5DCA56F32EF71175006D306B /* ModelTest.swift */; };
		5DCA56F62EF72939006D306B /* Int+.swift in Sources */ = {isa = PBXBuildFile; fileRef = 5DCA56F52EF72939006D306B /* Int+.swift */; };
		5DCA56F82EF7D93B006D306B /* MeasureSelectorView.swift in Sources */ = {isa = PBXBuildFile; fileRef = 5DCA56F72EF7D93B006D306B /* MeasureSelectorView.swift */; };
		5DDF63DC2EF03E6700B8AB9C /* PaywallListView.swift in Sources */ = {isa = PBXBuildFile; fileRef = 5DDF63D82EF03E6700B8AB9C /* PaywallListView.swift */; };
		5DDF63DD2EF03E6700B8AB9C /* PaywallView.swift in Sources */ = {isa = PBXBuildFile; fileRef = 5DDF63D62EF03E6700B8AB9C /* PaywallView.swift */; };
		5DDF63DE2EF03E6700B8AB9C /* PurchasesToggle.swift in Sources */ = {isa = PBXBuildFile; fileRef = 5DDF63D92EF03E6700B8AB9C /* PurchasesToggle.swift */; };
		5DDF63E02EF03F0200B8AB9C /* PWFeatureView.swift in Sources */ = {isa = PBXBuildFile; fileRef = 5DDF63DF2EF03F0200B8AB9C /* PWFeatureView.swift */; };
		5DDF63E22EF0430E00B8AB9C /* ContentView.swift in Sources */ = {isa = PBXBuildFile; fileRef = 5DDF63E12EF0430E00B8AB9C /* ContentView.swift */; };
		5DDF63E72EF0669400B8AB9C /* RegistrationManager.swift in Sources */ = {isa = PBXBuildFile; fileRef = 5DDF63E62EF0669400B8AB9C /* RegistrationManager.swift */; };
		5DDF63E92EF066D700B8AB9C /* LoginManager.swift in Sources */ = {isa = PBXBuildFile; fileRef = 5DDF63E82EF066D700B8AB9C /* LoginManager.swift */; };
		5DDF63EB2EF067AE00B8AB9C /* MainViewModel.swift in Sources */ = {isa = PBXBuildFile; fileRef = 5DDF63EA2EF067AE00B8AB9C /* MainViewModel.swift */; };
		5DDF63ED2EF07CBA00B8AB9C /* MainView.swift in Sources */ = {isa = PBXBuildFile; fileRef = 5DDF63EC2EF07CBA00B8AB9C /* MainView.swift */; };
		5DDF63F22EF095CA00B8AB9C /* Models.swift in Sources */ = {isa = PBXBuildFile; fileRef = 5DDF63F12EF095CA00B8AB9C /* Models.swift */; };
/* End PBXBuildFile section */

/* Begin PBXFileReference section */
		5D1FB9FB2EEED5A200E13569 /* Whistly.app */ = {isa = PBXFileReference; explicitFileType = wrapper.application; includeInIndex = 0; path = Whistly.app; sourceTree = BUILT_PRODUCTS_DIR; };
		5D74FB642EF154B9002DD315 /* MainContainer.swift */ = {isa = PBXFileReference; lastKnownFileType = sourcecode.swift; path = MainContainer.swift; sourceTree = "<group>"; };
		5D74FB662EF15AFD002DD315 /* TuneStoreManager.swift */ = {isa = PBXFileReference; lastKnownFileType = sourcecode.swift; path = TuneStoreManager.swift; sourceTree = "<group>"; };
		5D74FB682EF16030002DD315 /* testTune.abc */ = {isa = PBXFileReference; lastKnownFileType = text; path = testTune.abc; sourceTree = "<group>"; };
		5D74FB6A2EF16176002DD315 /* TuneManagerView.swift */ = {isa = PBXFileReference; lastKnownFileType = sourcecode.swift; path = TuneManagerView.swift; sourceTree = "<group>"; };
		5D74FB6D2EF16560002DD315 /* DocumentPicker.swift */ = {isa = PBXFileReference; lastKnownFileType = sourcecode.swift; path = DocumentPicker.swift; sourceTree = "<group>"; };
		5D74FB6F2EF174F2002DD315 /* ABCParser.swift */ = {isa = PBXFileReference; lastKnownFileType = sourcecode.swift; path = ABCParser.swift; sourceTree = "<group>"; };
		5D74FB712EF17526002DD315 /* KeyCalculator.swift */ = {isa = PBXFileReference; lastKnownFileType = sourcecode.swift; path = KeyCalculator.swift; sourceTree = "<group>"; };
		5D74FB742EF17549002DD315 /* KeyDetector.swift */ = {isa = PBXFileReference; lastKnownFileType = sourcecode.swift; path = KeyDetector.swift; sourceTree = "<group>"; };
		5D74FB762EF17556002DD315 /* MIDISequencer.swift */ = {isa = PBXFileReference; lastKnownFileType = sourcecode.swift; path = MIDISequencer.swift; sourceTree = "<group>"; };
		5D74FB782EF17571002DD315 /* MIDIParser.swift */ = {isa = PBXFileReference; lastKnownFileType = sourcecode.swift; path = MIDIParser.swift; sourceTree = "<group>"; };
		5D74FB7A2EF175FE002DD315 /* ApplicatureView.swift */ = {isa = PBXFileReference; lastKnownFileType = sourcecode.swift; path = ApplicatureView.swift; sourceTree = "<group>"; };
		5D74FB7B2EF175FE002DD315 /* NoteHoleView.swift */ = {isa = PBXFileReference; lastKnownFileType = sourcecode.swift; path = NoteHoleView.swift; sourceTree = "<group>"; };
		5D74FB7D2EF175FE002DD315 /* FingerChartView.swift */ = {isa = PBXFileReference; lastKnownFileType = sourcecode.swift; path = FingerChartView.swift; sourceTree = "<group>"; };
		5D74FB7E2EF175FE002DD315 /* FingeringImageView.swift */ = {isa = PBXFileReference; lastKnownFileType = sourcecode.swift; path = FingeringImageView.swift; sourceTree = "<group>"; };
		5D74FB7F2EF175FE002DD315 /* FingeringRowView.swift */ = {isa = PBXFileReference; lastKnownFileType = sourcecode.swift; path = FingeringRowView.swift; sourceTree = "<group>"; };
		5D74FB862EF17628002DD315 /* FingerChartStyleManager.swift */ = {isa = PBXFileReference; lastKnownFileType = sourcecode.swift; path = FingerChartStyleManager.swift; sourceTree = "<group>"; };
		5D7EC59F2EF583BD00226693 /* TuneAndWhistleSectionView.swift */ = {isa = PBXFileReference; lastKnownFileType = sourcecode.swift; path = TuneAndWhistleSectionView.swift; sourceTree = "<group>"; };
		5D7EC5A12EF5843C00226693 /* WhistleKeyPicker.swift */ = {isa = PBXFileReference; lastKnownFileType = sourcecode.swift; path = WhistleKeyPicker.swift; sourceTree = "<group>"; };
		5D7EC5A42EF587A100226693 /* NotesVizualizationView.swift */ = {isa = PBXFileReference; lastKnownFileType = sourcecode.swift; path = NotesVizualizationView.swift; sourceTree = "<group>"; };
		5D7EC5A72EF59A6A00226693 /* GridBackground.swift */ = {isa = PBXFileReference; lastKnownFileType = sourcecode.swift; path = GridBackground.swift; sourceTree = "<group>"; };
		5D7EC5A82EF59A6A00226693 /* NoteView.swift */ = {isa = PBXFileReference; lastKnownFileType = sourcecode.swift; path = NoteView.swift; sourceTree = "<group>"; };
		5D7EC5A92EF59A6A00226693 /* PianoKeysView.swift */ = {isa = PBXFileReference; lastKnownFileType = sourcecode.swift; path = PianoKeysView.swift; sourceTree = "<group>"; };
		5D7EC5AA2EF59A6A00226693 /* PianoRollView.swift */ = {isa = PBXFileReference; lastKnownFileType = sourcecode.swift; path = PianoRollView.swift; sourceTree = "<group>"; };
		5D7EC5B02EF5BFC100226693 /* PlaybackControlsSectionView.swift */ = {isa = PBXFileReference; lastKnownFileType = sourcecode.swift; path = PlaybackControlsSectionView.swift; sourceTree = "<group>"; };
		5D7EC5B32EF5BFF300226693 /* ControlButton.swift */ = {isa = PBXFileReference; lastKnownFileType = sourcecode.swift; path = ControlButton.swift; sourceTree = "<group>"; };
		5D87547F2EEED73F00972A1D /* Assets.xcassets */ = {isa = PBXFileReference; lastKnownFileType = folder.assetcatalog; path = Assets.xcassets; sourceTree = "<group>"; };
		5D8754802EEED73F00972A1D /* WhistlyApp.swift */ = {isa = PBXFileReference; lastKnownFileType = sourcecode.swift; path = WhistlyApp.swift; sourceTree = "<group>"; };
		5D8754842EEEDCBF00972A1D /* NavigationManager.swift */ = {isa = PBXFileReference; lastKnownFileType = sourcecode.swift; path = NavigationManager.swift; sourceTree = "<group>"; };
		5D8754862EEEDCC900972A1D /* PurchaseManager.swift */ = {isa = PBXFileReference; lastKnownFileType = sourcecode.swift; path = PurchaseManager.swift; sourceTree = "<group>"; };
		5D8754912EEEDD2700972A1D /* ConfigData.swift */ = {isa = PBXFileReference; lastKnownFileType = sourcecode.swift; path = ConfigData.swift; sourceTree = "<group>"; };
		5D8754932EEEDD3300972A1D /* ApphudProduct+.swift */ = {isa = PBXFileReference; lastKnownFileType = sourcecode.swift; path = "ApphudProduct+.swift"; sourceTree = "<group>"; };
		5D8754952EEEDD3A00972A1D /* Image+.swift */ = {isa = PBXFileReference; lastKnownFileType = sourcecode.swift; path = "Image+.swift"; sourceTree = "<group>"; };
		5D8754972EEEDD3F00972A1D /* UIDevice+.swift */ = {isa = PBXFileReference; lastKnownFileType = sourcecode.swift; path = "UIDevice+.swift"; sourceTree = "<group>"; };
		5D8754992EEEDD4400972A1D /* View+.swift */ = {isa = PBXFileReference; lastKnownFileType = sourcecode.swift; path = "View+.swift"; sourceTree = "<group>"; };
		5D87549B2EEEDD7200972A1D /* BigButton.swift */ = {isa = PBXFileReference; lastKnownFileType = sourcecode.swift; path = BigButton.swift; sourceTree = "<group>"; };
		5D87549C2EEEDD7200972A1D /* CustomToggleView.swift */ = {isa = PBXFileReference; lastKnownFileType = sourcecode.swift; path = CustomToggleView.swift; sourceTree = "<group>"; };
		5D87549D2EEEDD7200972A1D /* ShareSheet.swift */ = {isa = PBXFileReference; lastKnownFileType = sourcecode.swift; path = ShareSheet.swift; sourceTree = "<group>"; };
		5D8754A12EEEDD8100972A1D /* DebugSK.storekit */ = {isa = PBXFileReference; lastKnownFileType = text; path = DebugSK.storekit; sourceTree = "<group>"; };
		5D8754A32EEEDD8700972A1D /* apphud_paywalls_fallback.json */ = {isa = PBXFileReference; lastKnownFileType = text.json; path = apphud_paywalls_fallback.json; sourceTree = "<group>"; };
		5D8754A62EEEDD9900972A1D /* SplashView.swift */ = {isa = PBXFileReference; lastKnownFileType = sourcecode.swift; path = SplashView.swift; sourceTree = "<group>"; };
		5D8754AC2EEEE3D400972A1D /* Gradient+.swift */ = {isa = PBXFileReference; lastKnownFileType = sourcecode.swift; path = "Gradient+.swift"; sourceTree = "<group>"; };
		5D8754AE2EEEE61B00972A1D /* LaunchScreen.storyboard */ = {isa = PBXFileReference; lastKnownFileType = file.storyboard; path = LaunchScreen.storyboard; sourceTree = "<group>"; };
		5D8754B02EEEE6F500972A1D /* OBFooterView.swift */ = {isa = PBXFileReference; lastKnownFileType = sourcecode.swift; path = OBFooterView.swift; sourceTree = "<group>"; };
		5D8754B12EEEE6F500972A1D /* OnboardingView.swift */ = {isa = PBXFileReference; lastKnownFileType = sourcecode.swift; path = OnboardingView.swift; sourceTree = "<group>"; };
		5D8754B52EEEE7E500972A1D /* RoundedCorner.swift */ = {isa = PBXFileReference; lastKnownFileType = sourcecode.swift; path = RoundedCorner.swift; sourceTree = "<group>"; };
		5D8754B72EEEE85900972A1D /* BackgroundView.swift */ = {isa = PBXFileReference; lastKnownFileType = sourcecode.swift; path = BackgroundView.swift; sourceTree = "<group>"; };
		5DCA56F32EF71175006D306B /* ModelTest.swift */ = {isa = PBXFileReference; lastKnownFileType = sourcecode.swift; path = ModelTest.swift; sourceTree = "<group>"; };
		5DCA56F52EF72939006D306B /* Int+.swift */ = {isa = PBXFileReference; lastKnownFileType = sourcecode.swift; path = "Int+.swift"; sourceTree = "<group>"; };
		5DCA56F72EF7D93B006D306B /* MeasureSelectorView.swift */ = {isa = PBXFileReference; lastKnownFileType = sourcecode.swift; path = MeasureSelectorView.swift; sourceTree = "<group>"; };
		5DDF63D62EF03E6700B8AB9C /* PaywallView.swift */ = {isa = PBXFileReference; lastKnownFileType = sourcecode.swift; path = PaywallView.swift; sourceTree = "<group>"; };
		5DDF63D82EF03E6700B8AB9C /* PaywallListView.swift */ = {isa = PBXFileReference; lastKnownFileType = sourcecode.swift; path = PaywallListView.swift; sourceTree = "<group>"; };
		5DDF63D92EF03E6700B8AB9C /* PurchasesToggle.swift */ = {isa = PBXFileReference; lastKnownFileType = sourcecode.swift; path = PurchasesToggle.swift; sourceTree = "<group>"; };
		5DDF63DF2EF03F0200B8AB9C /* PWFeatureView.swift */ = {isa = PBXFileReference; lastKnownFileType = sourcecode.swift; path = PWFeatureView.swift; sourceTree = "<group>"; };
		5DDF63E12EF0430E00B8AB9C /* ContentView.swift */ = {isa = PBXFileReference; lastKnownFileType = sourcecode.swift; path = ContentView.swift; sourceTree = "<group>"; };
		5DDF63E62EF0669400B8AB9C /* RegistrationManager.swift */ = {isa = PBXFileReference; lastKnownFileType = sourcecode.swift; path = RegistrationManager.swift; sourceTree = "<group>"; };
		5DDF63E82EF066D700B8AB9C /* LoginManager.swift */ = {isa = PBXFileReference; lastKnownFileType = sourcecode.swift; path = LoginManager.swift; sourceTree = "<group>"; };
		5DDF63EA2EF067AE00B8AB9C /* MainViewModel.swift */ = {isa = PBXFileReference; lastKnownFileType = sourcecode.swift; path = MainViewModel.swift; sourceTree = "<group>"; };
		5DDF63EC2EF07CBA00B8AB9C /* MainView.swift */ = {isa = PBXFileReference; lastKnownFileType = sourcecode.swift; path = MainView.swift; sourceTree = "<group>"; };
		5DDF63F12EF095CA00B8AB9C /* Models.swift */ = {isa = PBXFileReference; lastKnownFileType = sourcecode.swift; path = Models.swift; sourceTree = "<group>"; };
/* End PBXFileReference section */

/* Begin PBXFrameworksBuildPhase section */
		5D1FB9F82EEED5A200E13569 /* Frameworks */ = {
			isa = PBXFrameworksBuildPhase;
			buildActionMask = 2147483647;
			files = (
				5D8754902EEEDD1000972A1D /* AudioKitEX in Frameworks */,
				5D87548D2EEEDD0600972A1D /* AudioKit in Frameworks */,
				5D87548A2EEEDCFD00972A1D /* ApphudBase in Frameworks */,
			);
			runOnlyForDeploymentPostprocessing = 0;
		};
/* End PBXFrameworksBuildPhase section */

/* Begin PBXGroup section */
		5D1FB9F22EEED5A200E13569 = {
			isa = PBXGroup;
			children = (
				5D8754812EEED73F00972A1D /* Whistly */,
				5D1FB9FC2EEED5A200E13569 /* Products */,
			);
			sourceTree = "<group>";
		};
		5D1FB9FC2EEED5A200E13569 /* Products */ = {
			isa = PBXGroup;
			children = (
				5D1FB9FB2EEED5A200E13569 /* Whistly.app */,
			);
			name = Products;
			sourceTree = "<group>";
		};
		5D74FB6C2EF1654D002DD315 /* TuneManager */ = {
			isa = PBXGroup;
			children = (
				5D74FB6D2EF16560002DD315 /* DocumentPicker.swift */,
				5D74FB6A2EF16176002DD315 /* TuneManagerView.swift */,
			);
			path = TuneManager;
			sourceTree = "<group>";
		};
		5D74FB732EF1752A002DD315 /* Sequensor */ = {
			isa = PBXGroup;
			children = (
				5D74FB762EF17556002DD315 /* MIDISequencer.swift */,
				5D74FB742EF17549002DD315 /* KeyDetector.swift */,
				5D74FB712EF17526002DD315 /* KeyCalculator.swift */,
			);
			path = Sequensor;
			sourceTree = "<group>";
		};
		5D74FB7C2EF175FE002DD315 /* WhistleScheme */ = {
			isa = PBXGroup;
			children = (
				5D74FB7A2EF175FE002DD315 /* ApplicatureView.swift */,
				5D74FB7B2EF175FE002DD315 /* NoteHoleView.swift */,
			);
			path = WhistleScheme;
			sourceTree = "<group>";
		};
		5D74FB802EF175FE002DD315 /* FingerChart */ = {
			isa = PBXGroup;
			children = (
				5D74FB7C2EF175FE002DD315 /* WhistleScheme */,
				5D74FB7D2EF175FE002DD315 /* FingerChartView.swift */,
				5D74FB7E2EF175FE002DD315 /* FingeringImageView.swift */,
				5D74FB7F2EF175FE002DD315 /* FingeringRowView.swift */,
			);
			path = FingerChart;
			sourceTree = "<group>";
		};
		5D7EC5A32EF5863C00226693 /* KeyPicker */ = {
			isa = PBXGroup;
			children = (
				5D7EC5A12EF5843C00226693 /* WhistleKeyPicker.swift */,
				5D7EC59F2EF583BD00226693 /* TuneAndWhistleSectionView.swift */,
			);
			path = KeyPicker;
			sourceTree = "<group>";
		};
		5D7EC5A62EF58A5600226693 /* NotesView */ = {
			isa = PBXGroup;
			children = (
				5D7EC5AB2EF59A6A00226693 /* PianoRoll */,
				5D74FB802EF175FE002DD315 /* FingerChart */,
				5D7EC5A42EF587A100226693 /* NotesVizualizationView.swift */,
			);
			path = NotesView;
			sourceTree = "<group>";
		};
		5D7EC5AB2EF59A6A00226693 /* PianoRoll */ = {
			isa = PBXGroup;
			children = (
				5D7EC5A72EF59A6A00226693 /* GridBackground.swift */,
				5D7EC5A82EF59A6A00226693 /* NoteView.swift */,
				5D7EC5A92EF59A6A00226693 /* PianoKeysView.swift */,
				5D7EC5AA2EF59A6A00226693 /* PianoRollView.swift */,
			);
			path = PianoRoll;
			sourceTree = "<group>";
		};
		5D7EC5B22EF5BFD300226693 /* PlaybackPanel */ = {
			isa = PBXGroup;
			children = (
				5D7EC5B32EF5BFF300226693 /* ControlButton.swift */,
				5D7EC5B02EF5BFC100226693 /* PlaybackControlsSectionView.swift */,
			);
			path = PlaybackPanel;
			sourceTree = "<group>";
		};
		5D87547A2EEED73F00972A1D /* Components */ = {
			isa = PBXGroup;
			children = (
				5D8754B52EEEE7E500972A1D /* RoundedCorner.swift */,
				5D87549B2EEEDD7200972A1D /* BigButton.swift */,
				5D87549C2EEEDD7200972A1D /* CustomToggleView.swift */,
				5D8754B72EEEE85900972A1D /* BackgroundView.swift */,
				5D87549D2EEEDD7200972A1D /* ShareSheet.swift */,
			);
			path = Components;
			sourceTree = "<group>";
		};
		5D87547B2EEED73F00972A1D /* Extensions */ = {
			isa = PBXGroup;
			children = (
				5D8754AC2EEEE3D400972A1D /* Gradient+.swift */,
				5D8754992EEEDD4400972A1D /* View+.swift */,
				5D8754972EEEDD3F00972A1D /* UIDevice+.swift */,
				5D8754952EEEDD3A00972A1D /* Image+.swift */,
				5D8754932EEEDD3300972A1D /* ApphudProduct+.swift */,
				5DCA56F52EF72939006D306B /* Int+.swift */,
			);
			path = Extensions;
			sourceTree = "<group>";
		};
		5D87547C2EEED73F00972A1D /* Managers */ = {
			isa = PBXGroup;
			children = (
				5DCA56D32EF70201006D306B /* Parsers */,
				5D74FB862EF17628002DD315 /* FingerChartStyleManager.swift */,
				5D74FB732EF1752A002DD315 /* Sequensor */,
				5D74FB662EF15AFD002DD315 /* TuneStoreManager.swift */,
				5D74FB642EF154B9002DD315 /* MainContainer.swift */,
				5DDF63F12EF095CA00B8AB9C /* Models.swift */,
				5DDF63E52EF0668900B8AB9C /* Auth */,
				5D8754862EEEDCC900972A1D /* PurchaseManager.swift */,
				5D8754842EEEDCBF00972A1D /* NavigationManager.swift */,
			);
			path = Managers;
			sourceTree = "<group>";
		};
		5D87547D2EEED73F00972A1D /* Resources */ = {
			isa = PBXGroup;
			children = (
				5D74FB682EF16030002DD315 /* testTune.abc */,
				5D8754A32EEEDD8700972A1D /* apphud_paywalls_fallback.json */,
				5D8754A12EEEDD8100972A1D /* DebugSK.storekit */,
			);
			path = Resources;
			sourceTree = "<group>";
		};
		5D87547E2EEED73F00972A1D /* Screens */ = {
			isa = PBXGroup;
			children = (
				5DDF63EE2EF0862600B8AB9C /* Main */,
				5DDF63E12EF0430E00B8AB9C /* ContentView.swift */,
				5D8754A72EEEDD9900972A1D /* Launch */,
				5D8754B22EEEE6F500972A1D /* Onboarding */,
				5DDF63DA2EF03E6700B8AB9C /* Paywall */,
				5DDF63E32EF043FD00B8AB9C /* Auth */,
				5D74FB6C2EF1654D002DD315 /* TuneManager */,
			);
			path = Screens;
			sourceTree = "<group>";
		};
		5D8754812EEED73F00972A1D /* Whistly */ = {
			isa = PBXGroup;
			children = (
				5DCA56F22EF71162006D306B /* Tests */,
				5D8754912EEEDD2700972A1D /* ConfigData.swift */,
				5D87547A2EEED73F00972A1D /* Components */,
				5D87547B2EEED73F00972A1D /* Extensions */,
				5D87547C2EEED73F00972A1D /* Managers */,
				5D87547D2EEED73F00972A1D /* Resources */,
				5D87547E2EEED73F00972A1D /* Screens */,
				5D87547F2EEED73F00972A1D /* Assets.xcassets */,
				5D8754802EEED73F00972A1D /* WhistlyApp.swift */,
			);
			path = Whistly;
			sourceTree = "<group>";
		};
		5D8754A72EEEDD9900972A1D /* Launch */ = {
			isa = PBXGroup;
			children = (
				5D8754AE2EEEE61B00972A1D /* LaunchScreen.storyboard */,
				5D8754A62EEEDD9900972A1D /* SplashView.swift */,
			);
			path = Launch;
			sourceTree = "<group>";
		};
		5D8754B22EEEE6F500972A1D /* Onboarding */ = {
			isa = PBXGroup;
			children = (
				5D8754B02EEEE6F500972A1D /* OBFooterView.swift */,
				5D8754B12EEEE6F500972A1D /* OnboardingView.swift */,
			);
			path = Onboarding;
			sourceTree = "<group>";
		};
		5DCA56D32EF70201006D306B /* Parsers */ = {
			isa = PBXGroup;
			children = (
				5D74FB782EF17571002DD315 /* MIDIParser.swift */,
				5D74FB6F2EF174F2002DD315 /* ABCParser.swift */,
			);
			path = Parsers;
			sourceTree = "<group>";
		};
		5DCA56F22EF71162006D306B /* Tests */ = {
			isa = PBXGroup;
			children = (
				5DCA56F32EF71175006D306B /* ModelTest.swift */,
			);
			path = Tests;
			sourceTree = "<group>";
		};
		5DDF63DA2EF03E6700B8AB9C /* Paywall */ = {
			isa = PBXGroup;
			children = (
				5DDF63DF2EF03F0200B8AB9C /* PWFeatureView.swift */,
				5DDF63D62EF03E6700B8AB9C /* PaywallView.swift */,
				5DDF63D82EF03E6700B8AB9C /* PaywallListView.swift */,
				5DDF63D92EF03E6700B8AB9C /* PurchasesToggle.swift */,
			);
			path = Paywall;
			sourceTree = "<group>";
		};
		5DDF63E32EF043FD00B8AB9C /* Auth */ = {
			isa = PBXGroup;
			children = (
			);
			path = Auth;
			sourceTree = "<group>";
		};
		5DDF63E52EF0668900B8AB9C /* Auth */ = {
			isa = PBXGroup;
			children = (
				5DDF63EA2EF067AE00B8AB9C /* MainViewModel.swift */,
				5DDF63E82EF066D700B8AB9C /* LoginManager.swift */,
				5DDF63E62EF0669400B8AB9C /* RegistrationManager.swift */,
			);
			path = Auth;
			sourceTree = "<group>";
		};
		5DDF63EE2EF0862600B8AB9C /* Main */ = {
			isa = PBXGroup;
			children = (
				5DCA56F72EF7D93B006D306B /* MeasureSelectorView.swift */,
				5D7EC5B22EF5BFD300226693 /* PlaybackPanel */,
				5D7EC5A62EF58A5600226693 /* NotesView */,
				5DDF63EC2EF07CBA00B8AB9C /* MainView.swift */,
				5D7EC5A32EF5863C00226693 /* KeyPicker */,
			);
			path = Main;
			sourceTree = "<group>";
		};
/* End PBXGroup section */

/* Begin PBXNativeTarget section */
		5D1FB9FA2EEED5A200E13569 /* Whistly */ = {
			isa = PBXNativeTarget;
			buildConfigurationList = 5D1FBA062EEED5A500E13569 /* Build configuration list for PBXNativeTarget "Whistly" */;
			buildPhases = (
				5D1FB9F72EEED5A200E13569 /* Sources */,
				5D1FB9F82EEED5A200E13569 /* Frameworks */,
				5D1FB9F92EEED5A200E13569 /* Resources */,
			);
			buildRules = (
			);
			dependencies = (
			);
			name = Whistly;
			packageProductDependencies = (
				5D8754892EEEDCFD00972A1D /* ApphudBase */,
				5D87548C2EEEDD0600972A1D /* AudioKit */,
				5D87548F2EEEDD1000972A1D /* AudioKitEX */,
			);
			productName = Whistly;
			productReference = 5D1FB9FB2EEED5A200E13569 /* Whistly.app */;
			productType = "com.apple.product-type.application";
		};
/* End PBXNativeTarget section */

/* Begin PBXProject section */
		5D1FB9F32EEED5A200E13569 /* Project object */ = {
			isa = PBXProject;
			attributes = {
				BuildIndependentTargetsInParallel = 1;
				LastSwiftUpdateCheck = 1640;
				LastUpgradeCheck = 1640;
				TargetAttributes = {
					5D1FB9FA2EEED5A200E13569 = {
						CreatedOnToolsVersion = 16.4;
					};
				};
			};
			buildConfigurationList = 5D1FB9F62EEED5A200E13569 /* Build configuration list for PBXProject "Whistly" */;
			developmentRegion = en;
			hasScannedForEncodings = 0;
			knownRegions = (
				en,
				Base,
			);
			mainGroup = 5D1FB9F22EEED5A200E13569;
			minimizedProjectReferenceProxies = 1;
			packageReferences = (
				5D8754882EEEDCFD00972A1D /* XCLocalSwiftPackageReference "ApphudBase" */,
				5D87548B2EEEDD0600972A1D /* XCRemoteSwiftPackageReference "AudioKit" */,
				5D87548E2EEEDD1000972A1D /* XCRemoteSwiftPackageReference "AudioKitEX" */,
				5DDF63E42EF0610500B8AB9C /* XCRemoteSwiftPackageReference "firebase-ios-sdk" */,
			);
			preferredProjectObjectVersion = 77;
			productRefGroup = 5D1FB9FC2EEED5A200E13569 /* Products */;
			projectDirPath = "";
			projectRoot = "";
			targets = (
				5D1FB9FA2EEED5A200E13569 /* Whistly */,
			);
		};
/* End PBXProject section */

/* Begin PBXResourcesBuildPhase section */
		5D1FB9F92EEED5A200E13569 /* Resources */ = {
			isa = PBXResourcesBuildPhase;
			buildActionMask = 2147483647;
			files = (
				5D74FB692EF16030002DD315 /* testTune.abc in Resources */,
				5D8754A22EEEDD8100972A1D /* DebugSK.storekit in Resources */,
				5D8754AF2EEEE61B00972A1D /* LaunchScreen.storyboard in Resources */,
				5D8754A42EEEDD8700972A1D /* apphud_paywalls_fallback.json in Resources */,
				5D8754832EEED73F00972A1D /* Assets.xcassets in Resources */,
			);
			runOnlyForDeploymentPostprocessing = 0;
		};
/* End PBXResourcesBuildPhase section */

/* Begin PBXSourcesBuildPhase section */
		5D1FB9F72EEED5A200E13569 /* Sources */ = {
			isa = PBXSourcesBuildPhase;
			buildActionMask = 2147483647;
			files = (
				5D74FB6B2EF16176002DD315 /* TuneManagerView.swift in Sources */,
				5D74FB6E2EF16560002DD315 /* DocumentPicker.swift in Sources */,
				5D7EC5AC2EF59A6A00226693 /* PianoRollView.swift in Sources */,
				5D7EC5AD2EF59A6A00226693 /* PianoKeysView.swift in Sources */,
				5D7EC5AE2EF59A6A00226693 /* NoteView.swift in Sources */,
				5D7EC5B12EF5BFC100226693 /* PlaybackControlsSectionView.swift in Sources */,
				5DCA56F82EF7D93B006D306B /* MeasureSelectorView.swift in Sources */,
				5D7EC5AF2EF59A6A00226693 /* GridBackground.swift in Sources */,
				5D74FB792EF17571002DD315 /* MIDIParser.swift in Sources */,
				5D7EC5A02EF583BD00226693 /* TuneAndWhistleSectionView.swift in Sources */,
				5D7EC5A22EF5843C00226693 /* WhistleKeyPicker.swift in Sources */,
				5D8754822EEED73F00972A1D /* WhistlyApp.swift in Sources */,
				5D74FB752EF17549002DD315 /* KeyDetector.swift in Sources */,
				5D7EC5B42EF5BFF300226693 /* ControlButton.swift in Sources */,
				5DDF63ED2EF07CBA00B8AB9C /* MainView.swift in Sources */,
				5D7EC5A52EF587A100226693 /* NotesVizualizationView.swift in Sources */,
				5D8754962EEEDD3A00972A1D /* Image+.swift in Sources */,
				5D8754942EEEDD3300972A1D /* ApphudProduct+.swift in Sources */,
				5D8754B32EEEE6F500972A1D /* OnboardingView.swift in Sources */,
				5D74FB652EF154BA002DD315 /* MainContainer.swift in Sources */,
				5D8754B42EEEE6F500972A1D /* OBFooterView.swift in Sources */,
				5DDF63EB2EF067AE00B8AB9C /* MainViewModel.swift in Sources */,
				5D74FB812EF175FE002DD315 /* NoteHoleView.swift in Sources */,
				5D74FB822EF175FE002DD315 /* FingeringImageView.swift in Sources */,
				5D74FB832EF175FE002DD315 /* FingerChartView.swift in Sources */,
				5DCA56F62EF72939006D306B /* Int+.swift in Sources */,
				5D74FB842EF175FE002DD315 /* ApplicatureView.swift in Sources */,
				5D74FB852EF175FE002DD315 /* FingeringRowView.swift in Sources */,
				5D74FB702EF174F2002DD315 /* ABCParser.swift in Sources */,
				5D8754872EEEDCC900972A1D /* PurchaseManager.swift in Sources */,
				5DDF63F22EF095CA00B8AB9C /* Models.swift in Sources */,
				5DDF63E02EF03F0200B8AB9C /* PWFeatureView.swift in Sources */,
				5D87549A2EEEDD4400972A1D /* View+.swift in Sources */,
				5D8754B82EEEE85900972A1D /* BackgroundView.swift in Sources */,
				5D8754A82EEEDD9900972A1D /* SplashView.swift in Sources */,
				5D8754B62EEEE7E500972A1D /* RoundedCorner.swift in Sources */,
				5D8754852EEEDCBF00972A1D /* NavigationManager.swift in Sources */,
				5DDF63E22EF0430E00B8AB9C /* ContentView.swift in Sources */,
				5DDF63E72EF0669400B8AB9C /* RegistrationManager.swift in Sources */,
				5D8754982EEEDD3F00972A1D /* UIDevice+.swift in Sources */,
				5D8754922EEEDD2700972A1D /* ConfigData.swift in Sources */,
				5DCA56F42EF71175006D306B /* ModelTest.swift in Sources */,
				5D74FB772EF17556002DD315 /* MIDISequencer.swift in Sources */,
				5D8754AD2EEEE3D400972A1D /* Gradient+.swift in Sources */,
				5DDF63E92EF066D700B8AB9C /* LoginManager.swift in Sources */,
				5D87549E2EEEDD7200972A1D /* CustomToggleView.swift in Sources */,
				5DDF63DC2EF03E6700B8AB9C /* PaywallListView.swift in Sources */,
				5DDF63DD2EF03E6700B8AB9C /* PaywallView.swift in Sources */,
				5D74FB672EF15AFD002DD315 /* TuneStoreManager.swift in Sources */,
				5D74FB722EF17526002DD315 /* KeyCalculator.swift in Sources */,
				5DDF63DE2EF03E6700B8AB9C /* PurchasesToggle.swift in Sources */,
				5D74FB872EF17628002DD315 /* FingerChartStyleManager.swift in Sources */,
				5D87549F2EEEDD7200972A1D /* BigButton.swift in Sources */,
				5D8754A02EEEDD7200972A1D /* ShareSheet.swift in Sources */,
			);
			runOnlyForDeploymentPostprocessing = 0;
		};
/* End PBXSourcesBuildPhase section */

/* Begin XCBuildConfiguration section */
		5D1FBA042EEED5A500E13569 /* Debug */ = {
			isa = XCBuildConfiguration;
			buildSettings = {
				ALWAYS_SEARCH_USER_PATHS = NO;
				ASSETCATALOG_COMPILER_GENERATE_SWIFT_ASSET_SYMBOL_EXTENSIONS = YES;
				CLANG_ANALYZER_NONNULL = YES;
				CLANG_ANALYZER_NUMBER_OBJECT_CONVERSION = YES_AGGRESSIVE;
				CLANG_CXX_LANGUAGE_STANDARD = "gnu++20";
				CLANG_ENABLE_MODULES = YES;
				CLANG_ENABLE_OBJC_ARC = YES;
				CLANG_ENABLE_OBJC_WEAK = YES;
				CLANG_WARN_BLOCK_CAPTURE_AUTORELEASING = YES;
				CLANG_WARN_BOOL_CONVERSION = YES;
				CLANG_WARN_COMMA = YES;
				CLANG_WARN_CONSTANT_CONVERSION = YES;
				CLANG_WARN_DEPRECATED_OBJC_IMPLEMENTATIONS = YES;
				CLANG_WARN_DIRECT_OBJC_ISA_USAGE = YES_ERROR;
				CLANG_WARN_DOCUMENTATION_COMMENTS = YES;
				CLANG_WARN_EMPTY_BODY = YES;
				CLANG_WARN_ENUM_CONVERSION = YES;
				CLANG_WARN_INFINITE_RECURSION = YES;
				CLANG_WARN_INT_CONVERSION = YES;
				CLANG_WARN_NON_LITERAL_NULL_CONVERSION = YES;
				CLANG_WARN_OBJC_IMPLICIT_RETAIN_SELF = YES;
				CLANG_WARN_OBJC_LITERAL_CONVERSION = YES;
				CLANG_WARN_OBJC_ROOT_CLASS = YES_ERROR;
				CLANG_WARN_QUOTED_INCLUDE_IN_FRAMEWORK_HEADER = YES;
				CLANG_WARN_RANGE_LOOP_ANALYSIS = YES;
				CLANG_WARN_STRICT_PROTOTYPES = YES;
				CLANG_WARN_SUSPICIOUS_MOVE = YES;
				CLANG_WARN_UNGUARDED_AVAILABILITY = YES_AGGRESSIVE;
				CLANG_WARN_UNREACHABLE_CODE = YES;
				CLANG_WARN__DUPLICATE_METHOD_MATCH = YES;
				COPY_PHASE_STRIP = NO;
				DEBUG_INFORMATION_FORMAT = dwarf;
				DEVELOPMENT_TEAM = 537KS4297U;
				ENABLE_STRICT_OBJC_MSGSEND = YES;
				ENABLE_TESTABILITY = YES;
				ENABLE_USER_SCRIPT_SANDBOXING = YES;
				GCC_C_LANGUAGE_STANDARD = gnu17;
				GCC_DYNAMIC_NO_PIC = NO;
				GCC_NO_COMMON_BLOCKS = YES;
				GCC_OPTIMIZATION_LEVEL = 0;
				GCC_PREPROCESSOR_DEFINITIONS = (
					"DEBUG=1",
					"$(inherited)",
				);
				GCC_WARN_64_TO_32_BIT_CONVERSION = YES;
				GCC_WARN_ABOUT_RETURN_TYPE = YES_ERROR;
				GCC_WARN_UNDECLARED_SELECTOR = YES;
				GCC_WARN_UNINITIALIZED_AUTOS = YES_AGGRESSIVE;
				GCC_WARN_UNUSED_FUNCTION = YES;
				GCC_WARN_UNUSED_VARIABLE = YES;
				IPHONEOS_DEPLOYMENT_TARGET = 18.5;
				LOCALIZATION_PREFERS_STRING_CATALOGS = YES;
				MTL_ENABLE_DEBUG_INFO = INCLUDE_SOURCE;
				MTL_FAST_MATH = YES;
				ONLY_ACTIVE_ARCH = YES;
				SDKROOT = iphoneos;
				SWIFT_ACTIVE_COMPILATION_CONDITIONS = "DEBUG $(inherited)";
				SWIFT_OPTIMIZATION_LEVEL = "-Onone";
			};
			name = Debug;
		};
		5D1FBA052EEED5A500E13569 /* Release */ = {
			isa = XCBuildConfiguration;
			buildSettings = {
				ALWAYS_SEARCH_USER_PATHS = NO;
				ASSETCATALOG_COMPILER_GENERATE_SWIFT_ASSET_SYMBOL_EXTENSIONS = YES;
				CLANG_ANALYZER_NONNULL = YES;
				CLANG_ANALYZER_NUMBER_OBJECT_CONVERSION = YES_AGGRESSIVE;
				CLANG_CXX_LANGUAGE_STANDARD = "gnu++20";
				CLANG_ENABLE_MODULES = YES;
				CLANG_ENABLE_OBJC_ARC = YES;
				CLANG_ENABLE_OBJC_WEAK = YES;
				CLANG_WARN_BLOCK_CAPTURE_AUTORELEASING = YES;
				CLANG_WARN_BOOL_CONVERSION = YES;
				CLANG_WARN_COMMA = YES;
				CLANG_WARN_CONSTANT_CONVERSION = YES;
				CLANG_WARN_DEPRECATED_OBJC_IMPLEMENTATIONS = YES;
				CLANG_WARN_DIRECT_OBJC_ISA_USAGE = YES_ERROR;
				CLANG_WARN_DOCUMENTATION_COMMENTS = YES;
				CLANG_WARN_EMPTY_BODY = YES;
				CLANG_WARN_ENUM_CONVERSION = YES;
				CLANG_WARN_INFINITE_RECURSION = YES;
				CLANG_WARN_INT_CONVERSION = YES;
				CLANG_WARN_NON_LITERAL_NULL_CONVERSION = YES;
				CLANG_WARN_OBJC_IMPLICIT_RETAIN_SELF = YES;
				CLANG_WARN_OBJC_LITERAL_CONVERSION = YES;
				CLANG_WARN_OBJC_ROOT_CLASS = YES_ERROR;
				CLANG_WARN_QUOTED_INCLUDE_IN_FRAMEWORK_HEADER = YES;
				CLANG_WARN_RANGE_LOOP_ANALYSIS = YES;
				CLANG_WARN_STRICT_PROTOTYPES = YES;
				CLANG_WARN_SUSPICIOUS_MOVE = YES;
				CLANG_WARN_UNGUARDED_AVAILABILITY = YES_AGGRESSIVE;
				CLANG_WARN_UNREACHABLE_CODE = YES;
				CLANG_WARN__DUPLICATE_METHOD_MATCH = YES;
				COPY_PHASE_STRIP = NO;
				DEBUG_INFORMATION_FORMAT = "dwarf-with-dsym";
				DEVELOPMENT_TEAM = 537KS4297U;
				ENABLE_NS_ASSERTIONS = NO;
				ENABLE_STRICT_OBJC_MSGSEND = YES;
				ENABLE_USER_SCRIPT_SANDBOXING = YES;
				GCC_C_LANGUAGE_STANDARD = gnu17;
				GCC_NO_COMMON_BLOCKS = YES;
				GCC_WARN_64_TO_32_BIT_CONVERSION = YES;
				GCC_WARN_ABOUT_RETURN_TYPE = YES_ERROR;
				GCC_WARN_UNDECLARED_SELECTOR = YES;
				GCC_WARN_UNINITIALIZED_AUTOS = YES_AGGRESSIVE;
				GCC_WARN_UNUSED_FUNCTION = YES;
				GCC_WARN_UNUSED_VARIABLE = YES;
				IPHONEOS_DEPLOYMENT_TARGET = 18.5;
				LOCALIZATION_PREFERS_STRING_CATALOGS = YES;
				MTL_ENABLE_DEBUG_INFO = NO;
				MTL_FAST_MATH = YES;
				SDKROOT = iphoneos;
				SWIFT_COMPILATION_MODE = wholemodule;
				VALIDATE_PRODUCT = YES;
			};
			name = Release;
		};
		5D1FBA072EEED5A500E13569 /* Debug */ = {
			isa = XCBuildConfiguration;
			buildSettings = {
				ASSETCATALOG_COMPILER_APPICON_NAME = AppIcon;
				ASSETCATALOG_COMPILER_GLOBAL_ACCENT_COLOR_NAME = AccentColor;
				CODE_SIGN_STYLE = Automatic;
				CURRENT_PROJECT_VERSION = 1;
				DEVELOPMENT_TEAM = 537KS4297U;
				ENABLE_PREVIEWS = YES;
				GENERATE_INFOPLIST_FILE = YES;
				INFOPLIST_KEY_CFBundleDisplayName = Whistly;
				INFOPLIST_KEY_UIApplicationSceneManifest_Generation = YES;
				INFOPLIST_KEY_UIApplicationSupportsIndirectInputEvents = YES;
				INFOPLIST_KEY_UILaunchScreen_Generation = YES;
				INFOPLIST_KEY_UILaunchStoryboardName = LaunchScreen;
				INFOPLIST_KEY_UISupportedInterfaceOrientations = UIInterfaceOrientationPortrait;
				INFOPLIST_KEY_UISupportedInterfaceOrientations_iPad = "UIInterfaceOrientationLandscapeLeft UIInterfaceOrientationLandscapeRight UIInterfaceOrientationPortrait UIInterfaceOrientationPortraitUpsideDown";
				INFOPLIST_KEY_UIUserInterfaceStyle = Dark;
				LD_RUNPATH_SEARCH_PATHS = (
					"$(inherited)",
					"@executable_path/Frameworks",
				);
				MARKETING_VERSION = 1.0;
				PRODUCT_BUNDLE_IDENTIFIER = LO.Whistly;
				PRODUCT_NAME = "$(TARGET_NAME)";
				SUPPORTED_PLATFORMS = "iphoneos iphonesimulator";
				SUPPORTS_MACCATALYST = NO;
				SUPPORTS_XR_DESIGNED_FOR_IPHONE_IPAD = NO;
				SWIFT_EMIT_LOC_STRINGS = YES;
				SWIFT_VERSION = 5.0;
				TARGETED_DEVICE_FAMILY = 1;
			};
			name = Debug;
		};
		5D1FBA082EEED5A500E13569 /* Release */ = {
			isa = XCBuildConfiguration;
			buildSettings = {
				ASSETCATALOG_COMPILER_APPICON_NAME = AppIcon;
				ASSETCATALOG_COMPILER_GLOBAL_ACCENT_COLOR_NAME = AccentColor;
				CODE_SIGN_STYLE = Automatic;
				CURRENT_PROJECT_VERSION = 1;
				DEVELOPMENT_TEAM = 537KS4297U;
				ENABLE_PREVIEWS = YES;
				GENERATE_INFOPLIST_FILE = YES;
				INFOPLIST_KEY_CFBundleDisplayName = Whistly;
				INFOPLIST_KEY_UIApplicationSceneManifest_Generation = YES;
				INFOPLIST_KEY_UIApplicationSupportsIndirectInputEvents = YES;
				INFOPLIST_KEY_UILaunchScreen_Generation = YES;
				INFOPLIST_KEY_UILaunchStoryboardName = LaunchScreen;
				INFOPLIST_KEY_UISupportedInterfaceOrientations = UIInterfaceOrientationPortrait;
				INFOPLIST_KEY_UISupportedInterfaceOrientations_iPad = "UIInterfaceOrientationLandscapeLeft UIInterfaceOrientationLandscapeRight UIInterfaceOrientationPortrait UIInterfaceOrientationPortraitUpsideDown";
				INFOPLIST_KEY_UIUserInterfaceStyle = Dark;
				LD_RUNPATH_SEARCH_PATHS = (
					"$(inherited)",
					"@executable_path/Frameworks",
				);
				MARKETING_VERSION = 1.0;
				PRODUCT_BUNDLE_IDENTIFIER = LO.Whistly;
				PRODUCT_NAME = "$(TARGET_NAME)";
				SUPPORTED_PLATFORMS = "iphoneos iphonesimulator";
				SUPPORTS_MACCATALYST = NO;
				SUPPORTS_XR_DESIGNED_FOR_IPHONE_IPAD = NO;
				SWIFT_EMIT_LOC_STRINGS = YES;
				SWIFT_VERSION = 5.0;
				TARGETED_DEVICE_FAMILY = 1;
			};
			name = Release;
		};
/* End XCBuildConfiguration section */

/* Begin XCConfigurationList section */
		5D1FB9F62EEED5A200E13569 /* Build configuration list for PBXProject "Whistly" */ = {
			isa = XCConfigurationList;
			buildConfigurations = (
				5D1FBA042EEED5A500E13569 /* Debug */,
				5D1FBA052EEED5A500E13569 /* Release */,
			);
			defaultConfigurationIsVisible = 0;
			defaultConfigurationName = Release;
		};
		5D1FBA062EEED5A500E13569 /* Build configuration list for PBXNativeTarget "Whistly" */ = {
			isa = XCConfigurationList;
			buildConfigurations = (
				5D1FBA072EEED5A500E13569 /* Debug */,
				5D1FBA082EEED5A500E13569 /* Release */,
			);
			defaultConfigurationIsVisible = 0;
			defaultConfigurationName = Release;
		};
/* End XCConfigurationList section */

/* Begin XCLocalSwiftPackageReference section */
		5D8754882EEEDCFD00972A1D /* XCLocalSwiftPackageReference "ApphudBase" */ = {
			isa = XCLocalSwiftPackageReference;
			relativePath = ApphudBase;
		};
/* End XCLocalSwiftPackageReference section */

/* Begin XCRemoteSwiftPackageReference section */
		5D87548B2EEEDD0600972A1D /* XCRemoteSwiftPackageReference "AudioKit" */ = {
			isa = XCRemoteSwiftPackageReference;
			repositoryURL = "https://github.com/AudioKit/AudioKit";
			requirement = {
				kind = upToNextMajorVersion;
				minimumVersion = 5.6.5;
			};
		};
		5D87548E2EEEDD1000972A1D /* XCRemoteSwiftPackageReference "AudioKitEX" */ = {
			isa = XCRemoteSwiftPackageReference;
			repositoryURL = "https://github.com/AudioKit/AudioKitEX";
			requirement = {
				kind = upToNextMajorVersion;
				minimumVersion = 5.6.2;
			};
		};
		5DDF63E42EF0610500B8AB9C /* XCRemoteSwiftPackageReference "firebase-ios-sdk" */ = {
			isa = XCRemoteSwiftPackageReference;
			repositoryURL = "https://github.com/firebase/firebase-ios-sdk";
			requirement = {
				kind = upToNextMajorVersion;
				minimumVersion = 12.7.0;
			};
		};
/* End XCRemoteSwiftPackageReference section */

/* Begin XCSwiftPackageProductDependency section */
		5D8754892EEEDCFD00972A1D /* ApphudBase */ = {
			isa = XCSwiftPackageProductDependency;
			productName = ApphudBase;
		};
		5D87548C2EEEDD0600972A1D /* AudioKit */ = {
			isa = XCSwiftPackageProductDependency;
			package = 5D87548B2EEEDD0600972A1D /* XCRemoteSwiftPackageReference "AudioKit" */;
			productName = AudioKit;
		};
		5D87548F2EEEDD1000972A1D /* AudioKitEX */ = {
			isa = XCSwiftPackageProductDependency;
			package = 5D87548E2EEEDD1000972A1D /* XCRemoteSwiftPackageReference "AudioKitEX" */;
			productName = AudioKitEX;
		};
/* End XCSwiftPackageProductDependency section */
	};
	rootObject = 5D1FB9F32EEED5A200E13569 /* Project object */;
}
